{
  "name": "github-personal-stars",
  "version": "1.0.0",
  "lockfileVersion": 1,
  "requires": true,
  "dependencies": {
    "assured": {
      "version": "1.0.12",
      "resolved": "https://registry.npmjs.org/assured/-/assured-1.0.12.tgz",
      "integrity": "sha512-QR2Tb3fTIHed2XQr9gukFxDI8BJOKbk02k2a86y+BAiOuHUNL0tPlRbnK84XfXVU/L4MQZQf9x+O391xlAYh8g==",
      "requires": {
        "noop6": "^1.0.1",
        "sliced": "^1.0.1"
      }
    },
    "debug": {
      "version": "3.1.0",
      "resolved": "https://registry.npmjs.org/debug/-/debug-3.1.0.tgz",
      "integrity": "sha512-OX8XqP7/1a9cqkxYw2yXss15f26NKWBpDXQd0/uK/KPqdQhxbPa994hnzjcE2VqQpDslf55723cKPUOGSmMY3g==",
      "requires": {
        "ms": "2.0.0"
      }
    },
    "deffy": {
      "version": "2.2.2",
      "resolved": "https://registry.npmjs.org/deffy/-/deffy-2.2.2.tgz",
      "integrity": "sha1-CI9AkTy0cHhlP6b2l8IG4DRx1SM=",
      "requires": {
        "typpy": "^2.0.0"
      }
    },
    "follow-redirects": {
      "version": "1.5.2",
      "resolved": "https://registry.npmjs.org/follow-redirects/-/follow-redirects-1.5.2.tgz",
      "integrity": "sha512-kssLorP/9acIdpQ2udQVTiCS5LQmdEz9mvdIfDcl1gYX2tPKFADHSyFdvJS040XdFsPzemWtgI3q8mFVCxtX8A==",
      "requires": {
        "debug": "^3.1.0"
      }
    },
    "function.name": {
      "version": "1.0.10",
      "resolved": "https://registry.npmjs.org/function.name/-/function.name-1.0.10.tgz",
      "integrity": "sha512-IPRArugcDP5O1oRUl2H55GnLNq3CV26bG/dFzLx0AR2dhB/4nj9rIqh1NBdlK7bWlfggV1Q+Aq5Jxafr/+j4BQ==",
      "requires": {
        "noop6": "^1.0.1"
      }
    },
    "gh.js": {
      "version": "3.0.12",
      "resolved": "https://registry.npmjs.org/gh.js/-/gh.js-3.0.12.tgz",
      "integrity": "sha512-0jri2gDcLSdmn5IAajOVFM42xDbTdMw66/Hnj7KCGe7ScHxfuKEB3+xeTyVeBfV19+DSogslO3CCqaIo+N57fg==",
      "requires": {
        "jsonrequest": "^4.1.0",
        "last-char": "^1.3.2",
        "ul": "^5.0.0"
      }
    },
    "jsonrequest": {
      "version": "4.2.4",
      "resolved": "https://registry.npmjs.org/jsonrequest/-/jsonrequest-4.2.4.tgz",
      "integrity": "sha512-UCjY5a4b7JNRaJvioq7ZUs0Qi4J7lMBmUy2LPwq1dU8ADyNn7xAmUdBnOXfySJ26Vahvs/eaTu1XbVgLDpNlXg==",
      "requires": {
        "noop6": "^1.0.6",
        "tinyreq": "^3.0.1",
        "ul": "^5.0.0"
      }
    },
    "last-char": {
      "version": "1.3.9",
      "resolved": "https://registry.npmjs.org/last-char/-/last-char-1.3.9.tgz",
      "integrity": "sha512-8jsWryUJCx06lnQCV+XjnHd4QxIvH3Flvzb9GDgA4iwkzj8VKl2iEP0IHrVJ+Ez1FWSt92BykXUDpn/f1CD+Mw=="
    },
    "ms": {
      "version": "2.0.0",
      "resolved": "https://registry.npmjs.org/ms/-/ms-2.0.0.tgz",
      "integrity": "sha1-VgiurfwAvmwpAd9fmGF4jeDVl8g="
    },
    "noop6": {
      "version": "1.0.7",
      "resolved": "https://registry.npmjs.org/noop6/-/noop6-1.0.7.tgz",
      "integrity": "sha1-lnZ78gWLpZyoy5FVk0fdyAI5+o4="
    },
    "sliced": {
      "version": "1.0.1",
      "resolved": "https://registry.npmjs.org/sliced/-/sliced-1.0.1.tgz",
      "integrity": "sha1-CzpmK10Ewxd7GSa+qCsD+Dei70E="
    },
    "tinyreq": {
      "version": "3.4.0",
      "resolved": "https://registry.npmjs.org/tinyreq/-/tinyreq-3.4.0.tgz",
      "integrity": "sha512-vBddoX7XC6YIhE4zBYKqGmsjU3v6SxHnw3a7IXSDgRT8LOs6jhGYfNnIwHCeIg0dS3F1SLaAxpPoB7vzQx595w==",
      "requires": {
        "assured": "^1.0.12",
        "follow-redirects": "^1.4.1",
        "noop6": "^1.0.7",
        "ul": "^5.2.13"
      }
    },
    "typpy": {
      "version": "2.3.10",
      "resolved": "https://registry.npmjs.org/typpy/-/typpy-2.3.10.tgz",
      "integrity": "sha512-DKiSmYeXF4q+K0H999sVROLjwsngad5AloblLo72No+xVT9W09ytUIOCC/3puHsf+Dsf8M2hoPds0H1HwJgQqg==",
      "requires": {
        "function.name": "^1.0.3"
      }
    },
    "ul": {
      "version": "5.2.13",
      "resolved": "https://registry.npmjs.org/ul/-/ul-5.2.13.tgz",
      "integrity": "sha1-n/BQTqNcofdMC/WeZIDe8Am617U=",
      "requires": {
        "deffy": "^2.2.2",
        "typpy": "^2.3.4"
      }
    }
  }
}
