{
  "name": "github-personal-stars",
  "version": "1.1.0",
  "lockfileVersion": 1,
  "requires": true,
  "dependencies": {
    "ansi-regex": {
      "version": "3.0.0",
      "resolved": "https://registry.npmjs.org/ansi-regex/-/ansi-regex-3.0.0.tgz",
      "integrity": "sha1-7QMXwyIGT3lGbAKWa922Bas32Zg=",
      "dev": true
    },
    "ansi-styles": {
      "version": "3.2.1",
      "resolved": "https://registry.npmjs.org/ansi-styles/-/ansi-styles-3.2.1.tgz",
      "integrity": "sha512-VT0ZI6kZRdTh8YyJw3SMbYm/u+NqfsAxEpWO0Pf9sq8/e94WxxOpPKx9FR1FlyCtOVDNOQ+8ntlqFxiRc+r5qA==",
      "dev": true,
      "requires": {
        "color-convert": "^1.9.0"
      }
    },
    "assured": {
      "version": "1.0.12",
      "resolved": "https://registry.npmjs.org/assured/-/assured-1.0.12.tgz",
      "integrity": "sha512-QR2Tb3fTIHed2XQr9gukFxDI8BJOKbk02k2a86y+BAiOuHUNL0tPlRbnK84XfXVU/L4MQZQf9x+O391xlAYh8g==",
      "requires": {
        "noop6": "^1.0.1",
        "sliced": "^1.0.1"
      }
    },
    "chalk": {
      "version": "2.4.1",
      "resolved": "https://registry.npmjs.org/chalk/-/chalk-2.4.1.tgz",
      "integrity": "sha512-ObN6h1v2fTJSmUXoS3nMQ92LbDK9be4TV+6G+omQlGJFdcUX5heKi1LZ1YnRMIgwTLEj3E24bT6tYni50rlCfQ==",
      "dev": true,
      "requires": {
        "ansi-styles": "^3.2.1",
        "escape-string-regexp": "^1.0.5",
        "supports-color": "^5.3.0"
      }
    },
    "cli-cursor": {
      "version": "2.1.0",
      "resolved": "https://registry.npmjs.org/cli-cursor/-/cli-cursor-2.1.0.tgz",
      "integrity": "sha1-s12sN2R5+sw+lHR9QdDQ9SOP/LU=",
      "dev": true,
      "requires": {
        "restore-cursor": "^2.0.0"
      }
    },
    "cli-spinners": {
      "version": "1.3.1",
      "resolved": "https://registry.npmjs.org/cli-spinners/-/cli-spinners-1.3.1.tgz",
      "integrity": "sha512-1QL4544moEsDVH9T/l6Cemov/37iv1RtoKf7NJ04A60+4MREXNfx/QvavbH6QoGdsD4N4Mwy49cmaINR/o2mdg==",
      "dev": true
    },
    "clone": {
      "version": "1.0.4",
      "resolved": "https://registry.npmjs.org/clone/-/clone-1.0.4.tgz",
      "integrity": "sha1-2jCcwmPfFZlMaIypAheco8fNfH4=",
      "dev": true
    },
    "color-convert": {
      "version": "1.9.2",
      "resolved": "https://registry.npmjs.org/color-convert/-/color-convert-1.9.2.tgz",
      "integrity": "sha512-3NUJZdhMhcdPn8vJ9v2UQJoH0qqoGUkYTgFEPZaPjEtwmmKUfNV46zZmgB2M5M4DCEQHMaCfWHCxiBflLm04Tg==",
      "dev": true,
      "requires": {
        "color-name": "1.1.1"
      }
    },
    "color-name": {
      "version": "1.1.1",
      "resolved": "https://registry.npmjs.org/color-name/-/color-name-1.1.1.tgz",
      "integrity": "sha1-SxQVMEz1ACjqgWQ2Q72C6gWANok=",
      "dev": true
    },
    "debug": {
      "version": "3.1.0",
      "resolved": "https://registry.npmjs.org/debug/-/debug-3.1.0.tgz",
      "integrity": "sha512-OX8XqP7/1a9cqkxYw2yXss15f26NKWBpDXQd0/uK/KPqdQhxbPa994hnzjcE2VqQpDslf55723cKPUOGSmMY3g==",
      "requires": {
        "ms": "2.0.0"
      }
    },
    "defaults": {
      "version": "1.0.3",
      "resolved": "https://registry.npmjs.org/defaults/-/defaults-1.0.3.tgz",
      "integrity": "sha1-xlYFHpgX2f8I7YgUd/P+QBnz730=",
      "dev": true,
      "requires": {
        "clone": "^1.0.2"
      }
    },
    "deffy": {
      "version": "2.2.2",
      "resolved": "https://registry.npmjs.org/deffy/-/deffy-2.2.2.tgz",
      "integrity": "sha1-CI9AkTy0cHhlP6b2l8IG4DRx1SM=",
      "requires": {
        "typpy": "^2.0.0"
      }
    },
    "escape-string-regexp": {
      "version": "1.0.5",
      "resolved": "https://registry.npmjs.org/escape-string-regexp/-/escape-string-regexp-1.0.5.tgz",
      "integrity": "sha1-G2HAViGQqN/2rjuyzwIAyhMLhtQ=",
      "dev": true
    },
    "follow-redirects": {
      "version": "1.5.2",
      "resolved": "https://registry.npmjs.org/follow-redirects/-/follow-redirects-1.5.2.tgz",
      "integrity": "sha512-kssLorP/9acIdpQ2udQVTiCS5LQmdEz9mvdIfDcl1gYX2tPKFADHSyFdvJS040XdFsPzemWtgI3q8mFVCxtX8A==",
      "requires": {
        "debug": "^3.1.0"
      }
    },
    "function.name": {
      "version": "1.0.10",
      "resolved": "https://registry.npmjs.org/function.name/-/function.name-1.0.10.tgz",
      "integrity": "sha512-IPRArugcDP5O1oRUl2H55GnLNq3CV26bG/dFzLx0AR2dhB/4nj9rIqh1NBdlK7bWlfggV1Q+Aq5Jxafr/+j4BQ==",
      "requires": {
        "noop6": "^1.0.1"
      }
    },
    "gh.js": {
      "version": "3.0.12",
      "resolved": "https://registry.npmjs.org/gh.js/-/gh.js-3.0.12.tgz",
      "integrity": "sha512-0jri2gDcLSdmn5IAajOVFM42xDbTdMw66/Hnj7KCGe7ScHxfuKEB3+xeTyVeBfV19+DSogslO3CCqaIo+N57fg==",
      "requires": {
        "jsonrequest": "^4.1.0",
        "last-char": "^1.3.2",
        "ul": "^5.0.0"
      }
    },
    "has-flag": {
      "version": "3.0.0",
      "resolved": "https://registry.npmjs.org/has-flag/-/has-flag-3.0.0.tgz",
      "integrity": "sha1-tdRU3CGZriJWmfNGfloH87lVuv0=",
      "dev": true
    },
    "jsonrequest": {
      "version": "4.2.4",
      "resolved": "https://registry.npmjs.org/jsonrequest/-/jsonrequest-4.2.4.tgz",
      "integrity": "sha512-UCjY5a4b7JNRaJvioq7ZUs0Qi4J7lMBmUy2LPwq1dU8ADyNn7xAmUdBnOXfySJ26Vahvs/eaTu1XbVgLDpNlXg==",
      "requires": {
        "noop6": "^1.0.6",
        "tinyreq": "^3.0.1",
        "ul": "^5.0.0"
      }
    },
    "last-char": {
      "version": "1.3.9",
      "resolved": "https://registry.npmjs.org/last-char/-/last-char-1.3.9.tgz",
      "integrity": "sha512-8jsWryUJCx06lnQCV+XjnHd4QxIvH3Flvzb9GDgA4iwkzj8VKl2iEP0IHrVJ+Ez1FWSt92BykXUDpn/f1CD+Mw=="
    },
    "log-symbols": {
      "version": "2.2.0",
      "resolved": "https://registry.npmjs.org/log-symbols/-/log-symbols-2.2.0.tgz",
      "integrity": "sha512-VeIAFslyIerEJLXHziedo2basKbMKtTw3vfn5IzG0XTjhAVEJyNHnL2p7vc+wBDSdQuUpNw3M2u6xb9QsAY5Eg==",
      "dev": true,
      "requires": {
        "chalk": "^2.0.1"
      }
    },
    "mimic-fn": {
      "version": "1.2.0",
      "resolved": "https://registry.npmjs.org/mimic-fn/-/mimic-fn-1.2.0.tgz",
      "integrity": "sha512-jf84uxzwiuiIVKiOLpfYk7N46TSy8ubTonmneY9vrpHNAnp0QBt2BxWV9dO3/j+BoVAb+a5G6YDPW3M5HOdMWQ==",
      "dev": true
    },
    "ms": {
      "version": "2.0.0",
      "resolved": "https://registry.npmjs.org/ms/-/ms-2.0.0.tgz",
      "integrity": "sha1-VgiurfwAvmwpAd9fmGF4jeDVl8g="
    },
    "noop6": {
      "version": "1.0.7",
      "resolved": "https://registry.npmjs.org/noop6/-/noop6-1.0.7.tgz",
      "integrity": "sha1-lnZ78gWLpZyoy5FVk0fdyAI5+o4="
    },
    "onetime": {
      "version": "2.0.1",
      "resolved": "https://registry.npmjs.org/onetime/-/onetime-2.0.1.tgz",
      "integrity": "sha1-BnQoIw/WdEOyeUsiu6UotoZ5YtQ=",
      "dev": true,
      "requires": {
        "mimic-fn": "^1.0.0"
      }
    },
    "ora": {
      "version": "3.0.0",
      "resolved": "https://registry.npmjs.org/ora/-/ora-3.0.0.tgz",
      "integrity": "sha512-LBS97LFe2RV6GJmXBi6OKcETKyklHNMV0xw7BtsVn2MlsgsydyZetSCbCANr+PFLmDyv4KV88nn0eCKza665Mg==",
      "dev": true,
      "requires": {
        "chalk": "^2.3.1",
        "cli-cursor": "^2.1.0",
        "cli-spinners": "^1.1.0",
        "log-symbols": "^2.2.0",
        "strip-ansi": "^4.0.0",
        "wcwidth": "^1.0.1"
      }
    },
    "restore-cursor": {
      "version": "2.0.0",
      "resolved": "https://registry.npmjs.org/restore-cursor/-/restore-cursor-2.0.0.tgz",
      "integrity": "sha1-n37ih/gv0ybU/RYpI9YhKe7g368=",
      "dev": true,
      "requires": {
        "onetime": "^2.0.0",
        "signal-exit": "^3.0.2"
      }
    },
    "signal-exit": {
      "version": "3.0.2",
      "resolved": "https://registry.npmjs.org/signal-exit/-/signal-exit-3.0.2.tgz",
      "integrity": "sha1-tf3AjxKH6hF4Yo5BXiUTK3NkbG0=",
      "dev": true
    },
    "sliced": {
      "version": "1.0.1",
      "resolved": "https://registry.npmjs.org/sliced/-/sliced-1.0.1.tgz",
      "integrity": "sha1-CzpmK10Ewxd7GSa+qCsD+Dei70E="
    },
    "strip-ansi": {
      "version": "4.0.0",
      "resolved": "https://registry.npmjs.org/strip-ansi/-/strip-ansi-4.0.0.tgz",
      "integrity": "sha1-qEeQIusaw2iocTibY1JixQXuNo8=",
      "dev": true,
      "requires": {
        "ansi-regex": "^3.0.0"
      }
    },
    "supports-color": {
      "version": "5.4.0",
      "resolved": "https://registry.npmjs.org/supports-color/-/supports-color-5.4.0.tgz",
      "integrity": "sha512-zjaXglF5nnWpsq470jSv6P9DwPvgLkuapYmfDm3JWOm0vkNTVF2tI4UrN2r6jH1qM/uc/WtxYY1hYoA2dOKj5w==",
      "dev": true,
      "requires": {
        "has-flag": "^3.0.0"
      }
    },
    "tinyreq": {
      "version": "3.4.0",
      "resolved": "https://registry.npmjs.org/tinyreq/-/tinyreq-3.4.0.tgz",
      "integrity": "sha512-vBddoX7XC6YIhE4zBYKqGmsjU3v6SxHnw3a7IXSDgRT8LOs6jhGYfNnIwHCeIg0dS3F1SLaAxpPoB7vzQx595w==",
      "requires": {
        "assured": "^1.0.12",
        "follow-redirects": "^1.4.1",
        "noop6": "^1.0.7",
        "ul": "^5.2.13"
      }
    },
    "typpy": {
      "version": "2.3.10",
      "resolved": "https://registry.npmjs.org/typpy/-/typpy-2.3.10.tgz",
      "integrity": "sha512-DKiSmYeXF4q+K0H999sVROLjwsngad5AloblLo72No+xVT9W09ytUIOCC/3puHsf+Dsf8M2hoPds0H1HwJgQqg==",
      "requires": {
        "function.name": "^1.0.3"
      }
    },
    "ul": {
      "version": "5.2.13",
      "resolved": "https://registry.npmjs.org/ul/-/ul-5.2.13.tgz",
      "integrity": "sha1-n/BQTqNcofdMC/WeZIDe8Am617U=",
      "requires": {
        "deffy": "^2.2.2",
        "typpy": "^2.3.4"
      }
    },
    "wcwidth": {
      "version": "1.0.1",
      "resolved": "https://registry.npmjs.org/wcwidth/-/wcwidth-1.0.1.tgz",
      "integrity": "sha1-8LDc+RW8X/FSivrbLA4XtTLaL+g=",
      "dev": true,
      "requires": {
        "defaults": "^1.0.3"
      }
    }
  }
}
